
Microsoft Visual Studio Solution File, Format Version 12.00
# Visual Studio Version 17
VisualStudioVersion = 17.3.32922.545
MinimumVisualStudioVersion = 10.0.40219.1
Project("{FAE04EC0-301F-11D3-BF4B-00C04F79EFBC}") = "Maquette_Saé", "Maquette_Saé\Maquette_Saé.csproj", "{FCD1D14E-9792-4396-88FF-5EFF9F3928D2}"
EndProject
Global
	GlobalSection(SolutionConfigurationPlatforms) = preSolution
		Debug|Any CPU = Debug|Any CPU
		Release|Any CPU = Release|Any CPU
	EndGlobalSection
	GlobalSection(ProjectConfigurationPlatforms) = postSolution
		{FCD1D14E-9792-4396-88FF-5EFF9F3928D2}.Debug|Any CPU.ActiveCfg = Debug|Any CPU
		{FCD1D14E-9792-4396-88FF-5EFF9F3928D2}.Debug|Any CPU.Build.0 = Debug|Any CPU
		{FCD1D14E-9792-4396-88FF-5EFF9F3928D2}.Release|Any CPU.ActiveCfg = Release|Any CPU
		{FCD1D14E-9792-4396-88FF-5EFF9F3928D2}.Release|Any CPU.Build.0 = Release|Any CPU
	EndGlobalSection
	GlobalSection(SolutionProperties) = preSolution
		HideSolutionNode = FALSE
	EndGlobalSection
	GlobalSection(ExtensibilityGlobals) = postSolution
		SolutionGuid = {35DE19B9-6FB5-45AE-8B44-FA842391F70E}
	EndGlobalSection
EndGlobal
